
Microsoft Visual Studio Solution File, Format Version 12.00
# Visual Studio Version 16
VisualStudioVersion = 16.0.30804.86
MinimumVisualStudioVersion = 10.0.40219.1
Project("{9A19103F-16F7-4668-BE54-9A1E7A4F7556}") = "NPC.Compiler", "Backend\NPC.Compiler\NPC.Compiler.csproj", "{73E6F568-08A7-4FE6-8D45-B7438AEA2561}"
EndProject
Project("{9A19103F-16F7-4668-BE54-9A1E7A4F7556}") = "NPC.Runtime", "Backend\NPC.Runtime\NPC.Runtime.csproj", "{BDF7AB12-E051-4F8B-9B6A-3FB4C033D7E9}"
EndProject
Project("{9A19103F-16F7-4668-BE54-9A1E7A4F7556}") = "NPC.Editor", "NPC.Editor\NPC.Editor.csproj", "{32A0C7C7-DA4C-44AB-893D-7AD4D5B317A2}"
EndProject
Project("{9A19103F-16F7-4668-BE54-9A1E7A4F7556}") = "FastColoredTextBox", "FastColoredTextBox\FastColoredTextBox.csproj", "{F35D9C4A-2B68-4917-981A-8108E751BF80}"
EndProject
Global
	GlobalSection(SolutionConfigurationPlatforms) = preSolution
		Debug|Any CPU = Debug|Any CPU
		Release|Any CPU = Release|Any CPU
	EndGlobalSection
	GlobalSection(ProjectConfigurationPlatforms) = postSolution
		{73E6F568-08A7-4FE6-8D45-B7438AEA2561}.Debug|Any CPU.ActiveCfg = Debug|Any CPU
		{73E6F568-08A7-4FE6-8D45-B7438AEA2561}.Debug|Any CPU.Build.0 = Debug|Any CPU
		{73E6F568-08A7-4FE6-8D45-B7438AEA2561}.Release|Any CPU.ActiveCfg = Release|Any CPU
		{73E6F568-08A7-4FE6-8D45-B7438AEA2561}.Release|Any CPU.Build.0 = Release|Any CPU
		{BDF7AB12-E051-4F8B-9B6A-3FB4C033D7E9}.Debug|Any CPU.ActiveCfg = Debug|Any CPU
		{BDF7AB12-E051-4F8B-9B6A-3FB4C033D7E9}.Debug|Any CPU.Build.0 = Debug|Any CPU
		{BDF7AB12-E051-4F8B-9B6A-3FB4C033D7E9}.Release|Any CPU.ActiveCfg = Release|Any CPU
		{BDF7AB12-E051-4F8B-9B6A-3FB4C033D7E9}.Release|Any CPU.Build.0 = Release|Any CPU
		{32A0C7C7-DA4C-44AB-893D-7AD4D5B317A2}.Debug|Any CPU.ActiveCfg = Debug|Any CPU
		{32A0C7C7-DA4C-44AB-893D-7AD4D5B317A2}.Debug|Any CPU.Build.0 = Debug|Any CPU
		{32A0C7C7-DA4C-44AB-893D-7AD4D5B317A2}.Release|Any CPU.ActiveCfg = Release|Any CPU
		{32A0C7C7-DA4C-44AB-893D-7AD4D5B317A2}.Release|Any CPU.Build.0 = Release|Any CPU
		{F35D9C4A-2B68-4917-981A-8108E751BF80}.Debug|Any CPU.ActiveCfg = Debug|Any CPU
		{F35D9C4A-2B68-4917-981A-8108E751BF80}.Debug|Any CPU.Build.0 = Debug|Any CPU
		{F35D9C4A-2B68-4917-981A-8108E751BF80}.Release|Any CPU.ActiveCfg = Release|Any CPU
		{F35D9C4A-2B68-4917-981A-8108E751BF80}.Release|Any CPU.Build.0 = Release|Any CPU
	EndGlobalSection
	GlobalSection(SolutionProperties) = preSolution
		HideSolutionNode = FALSE
	EndGlobalSection
	GlobalSection(ExtensibilityGlobals) = postSolution
		SolutionGuid = {776B04BF-91F1-4460-9E48-FF76C7E9E4B2}
	EndGlobalSection
EndGlobal
